// !$*UTF8*$!
{
	archiveVersion = 1;
	classes = {
	};
	objectVersion = 50;
	objects = {

/* Begin PBXBuildFile section */
		2103DE8825DF4E8100DC6E17 /* AppDelegate.swift in Sources */ = {isa = PBXBuildFile; fileRef = 2103DE8725DF4E8100DC6E17 /* AppDelegate.swift */; };
		2103DE8A25DF4E8100DC6E17 /* SceneDelegate.swift in Sources */ = {isa = PBXBuildFile; fileRef = 2103DE8925DF4E8100DC6E17 /* SceneDelegate.swift */; };
		2103DE8F25DF4E8100DC6E17 /* Main.storyboard in Resources */ = {isa = PBXBuildFile; fileRef = 2103DE8D25DF4E8100DC6E17 /* Main.storyboard */; };
		2103DE9125DF4E8300DC6E17 /* Assets.xcassets in Resources */ = {isa = PBXBuildFile; fileRef = 2103DE9025DF4E8300DC6E17 /* Assets.xcassets */; };
		2103DE9425DF4E8300DC6E17 /* LaunchScreen.storyboard in Resources */ = {isa = PBXBuildFile; fileRef = 2103DE9225DF4E8300DC6E17 /* LaunchScreen.storyboard */; };
		21108C5525DF7F740046BD46 /* PlusViewController.swift in Sources */ = {isa = PBXBuildFile; fileRef = 21108C5425DF7F740046BD46 /* PlusViewController.swift */; };
		21108C5825DF7F860046BD46 /* MinusViewController.swift in Sources */ = {isa = PBXBuildFile; fileRef = 21108C5725DF7F860046BD46 /* MinusViewController.swift */; };
/* End PBXBuildFile section */

/* Begin PBXFileReference section */
		2103DE8425DF4E8100DC6E17 /* Appdojo_Part07.app */ = {isa = PBXFileReference; explicitFileType = wrapper.application; includeInIndex = 0; path = Appdojo_Part07.app; sourceTree = BUILT_PRODUCTS_DIR; };
		2103DE8725DF4E8100DC6E17 /* AppDelegate.swift */ = {isa = PBXFileReference; lastKnownFileType = sourcecode.swift; path = AppDelegate.swift; sourceTree = "<group>"; };
		2103DE8925DF4E8100DC6E17 /* SceneDelegate.swift */ = {isa = PBXFileReference; lastKnownFileType = sourcecode.swift; path = SceneDelegate.swift; sourceTree = "<group>"; };
		2103DE8E25DF4E8100DC6E17 /* Base */ = {isa = PBXFileReference; lastKnownFileType = file.storyboard; name = Base; path = Base.lproj/Main.storyboard; sourceTree = "<group>"; };
		2103DE9025DF4E8300DC6E17 /* Assets.xcassets */ = {isa = PBXFileReference; lastKnownFileType = folder.assetcatalog; path = Assets.xcassets; sourceTree = "<group>"; };
		2103DE9325DF4E8300DC6E17 /* Base */ = {isa = PBXFileReference; lastKnownFileType = file.storyboard; name = Base; path = Base.lproj/LaunchScreen.storyboard; sourceTree = "<group>"; };
		2103DE9525DF4E8300DC6E17 /* Info.plist */ = {isa = PBXFileReference; lastKnownFileType = text.plist.xml; path = Info.plist; sourceTree = "<group>"; };
		21108C5425DF7F740046BD46 /* PlusViewController.swift */ = {isa = PBXFileReference; lastKnownFileType = sourcecode.swift; path = PlusViewController.swift; sourceTree = "<group>"; };
		21108C5725DF7F860046BD46 /* MinusViewController.swift */ = {isa = PBXFileReference; lastKnownFileType = sourcecode.swift; path = MinusViewController.swift; sourceTree = "<group>"; };
/* End PBXFileReference section */

/* Begin PBXFrameworksBuildPhase section */
		2103DE8125DF4E8100DC6E17 /* Frameworks */ = {
			isa = PBXFrameworksBuildPhase;
			buildActionMask = 2147483647;
			files = (
			);
			runOnlyForDeploymentPostprocessing = 0;
		};
/* End PBXFrameworksBuildPhase section */

/* Begin PBXGroup section */
		2103DE7B25DF4E8100DC6E17 = {
			isa = PBXGroup;
			children = (
				2103DE8625DF4E8100DC6E17 /* Appdojo_Part07 */,
				2103DE8525DF4E8100DC6E17 /* Products */,
			);
			sourceTree = "<group>";
		};
		2103DE8525DF4E8100DC6E17 /* Products */ = {
			isa = PBXGroup;
			children = (
				2103DE8425DF4E8100DC6E17 /* Appdojo_Part07.app */,
			);
			name = Products;
			sourceTree = "<group>";
		};
		2103DE8625DF4E8100DC6E17 /* Appdojo_Part07 */ = {
			isa = PBXGroup;
			children = (
				2103DE8725DF4E8100DC6E17 /* AppDelegate.swift */,
				2103DE8925DF4E8100DC6E17 /* SceneDelegate.swift */,
				2103DE8D25DF4E8100DC6E17 /* Main.storyboard */,
				2103DE9025DF4E8300DC6E17 /* Assets.xcassets */,
				2103DE9225DF4E8300DC6E17 /* LaunchScreen.storyboard */,
				2103DE9525DF4E8300DC6E17 /* Info.plist */,
				21108C5425DF7F740046BD46 /* PlusViewController.swift */,
				21108C5725DF7F860046BD46 /* MinusViewController.swift */,
			);
			path = Appdojo_Part07;
			sourceTree = "<group>";
		};
/* End PBXGroup section */

/* Begin PBXNativeTarget section */
		2103DE8325DF4E8100DC6E17 /* Appdojo_Part07 */ = {
			isa = PBXNativeTarget;
			buildConfigurationList = 2103DE9825DF4E8300DC6E17 /* Build configuration list for PBXNativeTarget "Appdojo_Part07" */;
			buildPhases = (
				2103DE8025DF4E8100DC6E17 /* Sources */,
				2103DE8125DF4E8100DC6E17 /* Frameworks */,
				2103DE8225DF4E8100DC6E17 /* Resources */,
				21108C5A25E0A61F0046BD46 /* ShellScript */,
			);
			buildRules = (
			);
			dependencies = (
			);
			name = Appdojo_Part07;
			productName = Appdojo_Part07;
			productReference = 2103DE8425DF4E8100DC6E17 /* Appdojo_Part07.app */;
			productType = "com.apple.product-type.application";
		};
/* End PBXNativeTarget section */

/* Begin PBXProject section */
		2103DE7C25DF4E8100DC6E17 /* Project object */ = {
			isa = PBXProject;
			attributes = {
				LastSwiftUpdateCheck = 1230;
				LastUpgradeCheck = 1230;
				TargetAttributes = {
					2103DE8325DF4E8100DC6E17 = {
						CreatedOnToolsVersion = 12.3;
					};
				};
			};
			buildConfigurationList = 2103DE7F25DF4E8100DC6E17 /* Build configuration list for PBXProject "Appdojo_Part07" */;
			compatibilityVersion = "Xcode 9.3";
			developmentRegion = en;
			hasScannedForEncodings = 0;
			knownRegions = (
				en,
				Base,
			);
			mainGroup = 2103DE7B25DF4E8100DC6E17;
			productRefGroup = 2103DE8525DF4E8100DC6E17 /* Products */;
			projectDirPath = "";
			projectRoot = "";
			targets = (
				2103DE8325DF4E8100DC6E17 /* Appdojo_Part07 */,
			);
		};
/* End PBXProject section */

/* Begin PBXResourcesBuildPhase section */
		2103DE8225DF4E8100DC6E17 /* Resources */ = {
			isa = PBXResourcesBuildPhase;
			buildActionMask = 2147483647;
			files = (
				2103DE9425DF4E8300DC6E17 /* LaunchScreen.storyboard in Resources */,
				2103DE9125DF4E8300DC6E17 /* Assets.xcassets in Resources */,
				2103DE8F25DF4E8100DC6E17 /* Main.storyboard in Resources */,
			);
			runOnlyForDeploymentPostprocessing = 0;
		};
/* End PBXResourcesBuildPhase section */

/* Begin PBXShellScriptBuildPhase section */
		21108C5A25E0A61F0046BD46 /* ShellScript */ = {
			isa = PBXShellScriptBuildPhase;
			buildActionMask = 2147483647;
			files = (
			);
			inputFileListPaths = (
			);
			inputPaths = (
			);
			outputFileListPaths = (
			);
			outputPaths = (
			);
			runOnlyForDeploymentPostprocessing = 0;
			shellPath = /bin/sh;
			shellScript = "# Type a script or drag a script file from your workspace to insert its path.\nif which swiftlint >/dev/null; then\n  swiftlint\nelse\n  echo \"SwiftLint does not exist, download from https://github.com/realm/SwiftLint\"\nfi\n";
		};
/* End PBXShellScriptBuildPhase section */

/* Begin PBXSourcesBuildPhase section */
		2103DE8025DF4E8100DC6E17 /* Sources */ = {
			isa = PBXSourcesBuildPhase;
			buildActionMask = 2147483647;
			files = (
				2103DE8825DF4E8100DC6E17 /* AppDelegate.swift in Sources */,
				2103DE8A25DF4E8100DC6E17 /* SceneDelegate.swift in Sources */,
				21108C5525DF7F740046BD46 /* PlusViewController.swift in Sources */,
				21108C5825DF7F860046BD46 /* MinusViewController.swift in Sources */,
			);
			runOnlyForDeploymentPostprocessing = 0;
		};
/* End PBXSourcesBuildPhase section */

/* Begin PBXVariantGroup section */
		2103DE8D25DF4E8100DC6E17 /* Main.storyboard */ = {
			isa = PBXVariantGroup;
			children = (
				2103DE8E25DF4E8100DC6E17 /* Base */,
			);
			name = Main.storyboard;
			sourceTree = "<group>";
		};
		2103DE9225DF4E8300DC6E17 /* LaunchScreen.storyboard */ = {
			isa = PBXVariantGroup;
			children = (
				2103DE9325DF4E8300DC6E17 /* Base */,
			);
			name = LaunchScreen.storyboard;
			sourceTree = "<group>";
		};
/* End PBXVariantGroup section */

/* Begin XCBuildConfiguration section */
		2103DE9625DF4E8300DC6E17 /* Debug */ = {
			isa = XCBuildConfiguration;
			buildSettings = {
				ALWAYS_SEARCH_USER_PATHS = NO;
				CLANG_ANALYZER_NONNULL = YES;
				CLANG_ANALYZER_NUMBER_OBJECT_CONVERSION = YES_AGGRESSIVE;
				CLANG_CXX_LANGUAGE_STANDARD = "gnu++14";
				CLANG_CXX_LIBRARY = "libc++";
				CLANG_ENABLE_MODULES = YES;
				CLANG_ENABLE_OBJC_ARC = YES;
				CLANG_ENABLE_OBJC_WEAK = YES;
				CLANG_WARN_BLOCK_CAPTURE_AUTORELEASING = YES;
				CLANG_WARN_BOOL_CONVERSION = YES;
				CLANG_WARN_COMMA = YES;
				CLANG_WARN_CONSTANT_CONVERSION = YES;
				CLANG_WARN_DEPRECATED_OBJC_IMPLEMENTATIONS = YES;
				CLANG_WARN_DIRECT_OBJC_ISA_USAGE = YES_ERROR;
				CLANG_WARN_DOCUMENTATION_COMMENTS = YES;
				CLANG_WARN_EMPTY_BODY = YES;
				CLANG_WARN_ENUM_CONVERSION = YES;
				CLANG_WARN_INFINITE_RECURSION = YES;
				CLANG_WARN_INT_CONVERSION = YES;
				CLANG_WARN_NON_LITERAL_NULL_CONVERSION = YES;
				CLANG_WARN_OBJC_IMPLICIT_RETAIN_SELF = YES;
				CLANG_WARN_OBJC_LITERAL_CONVERSION = YES;
				CLANG_WARN_OBJC_ROOT_CLASS = YES_ERROR;
				CLANG_WARN_QUOTED_INCLUDE_IN_FRAMEWORK_HEADER = YES;
				CLANG_WARN_RANGE_LOOP_ANALYSIS = YES;
				CLANG_WARN_STRICT_PROTOTYPES = YES;
				CLANG_WARN_SUSPICIOUS_MOVE = YES;
				CLANG_WARN_UNGUARDED_AVAILABILITY = YES_AGGRESSIVE;
				CLANG_WARN_UNREACHABLE_CODE = YES;
				CLANG_WARN__DUPLICATE_METHOD_MATCH = YES;
				COPY_PHASE_STRIP = NO;
				DEBUG_INFORMATION_FORMAT = dwarf;
				ENABLE_STRICT_OBJC_MSGSEND = YES;
				ENABLE_TESTABILITY = YES;
				GCC_C_LANGUAGE_STANDARD = gnu11;
				GCC_DYNAMIC_NO_PIC = NO;
				GCC_NO_COMMON_BLOCKS = YES;
				GCC_OPTIMIZATION_LEVEL = 0;
				GCC_PREPROCESSOR_DEFINITIONS = (
					"DEBUG=1",
					"$(inherited)",
				);
				GCC_WARN_64_TO_32_BIT_CONVERSION = YES;
				GCC_WARN_ABOUT_RETURN_TYPE = YES_ERROR;
				GCC_WARN_UNDECLARED_SELECTOR = YES;
				GCC_WARN_UNINITIALIZED_AUTOS = YES_AGGRESSIVE;
				GCC_WARN_UNUSED_FUNCTION = YES;
				GCC_WARN_UNUSED_VARIABLE = YES;
				IPHONEOS_DEPLOYMENT_TARGET = 14.3;
				MTL_ENABLE_DEBUG_INFO = INCLUDE_SOURCE;
				MTL_FAST_MATH = YES;
				ONLY_ACTIVE_ARCH = YES;
				SDKROOT = iphoneos;
				SWIFT_ACTIVE_COMPILATION_CONDITIONS = DEBUG;
				SWIFT_OPTIMIZATION_LEVEL = "-Onone";
			};
			name = Debug;
		};
		2103DE9725DF4E8300DC6E17 /* Release */ = {
			isa = XCBuildConfiguration;
			buildSettings = {
				ALWAYS_SEARCH_USER_PATHS = NO;
				CLANG_ANALYZER_NONNULL = YES;
				CLANG_ANALYZER_NUMBER_OBJECT_CONVERSION = YES_AGGRESSIVE;
				CLANG_CXX_LANGUAGE_STANDARD = "gnu++14";
				CLANG_CXX_LIBRARY = "libc++";
				CLANG_ENABLE_MODULES = YES;
				CLANG_ENABLE_OBJC_ARC = YES;
				CLANG_ENABLE_OBJC_WEAK = YES;
				CLANG_WARN_BLOCK_CAPTURE_AUTORELEASING = YES;
				CLANG_WARN_BOOL_CONVERSION = YES;
				CLANG_WARN_COMMA = YES;
				CLANG_WARN_CONSTANT_CONVERSION = YES;
				CLANG_WARN_DEPRECATED_OBJC_IMPLEMENTATIONS = YES;
				CLANG_WARN_DIRECT_OBJC_ISA_USAGE = YES_ERROR;
				CLANG_WARN_DOCUMENTATION_COMMENTS = YES;
				CLANG_WARN_EMPTY_BODY = YES;
				CLANG_WARN_ENUM_CONVERSION = YES;
				CLANG_WARN_INFINITE_RECURSION = YES;
				CLANG_WARN_INT_CONVERSION = YES;
				CLANG_WARN_NON_LITERAL_NULL_CONVERSION = YES;
				CLANG_WARN_OBJC_IMPLICIT_RETAIN_SELF = YES;
				CLANG_WARN_OBJC_LITERAL_CONVERSION = YES;
				CLANG_WARN_OBJC_ROOT_CLASS = YES_ERROR;
				CLANG_WARN_QUOTED_INCLUDE_IN_FRAMEWORK_HEADER = YES;
				CLANG_WARN_RANGE_LOOP_ANALYSIS = YES;
				CLANG_WARN_STRICT_PROTOTYPES = YES;
				CLANG_WARN_SUSPICIOUS_MOVE = YES;
				CLANG_WARN_UNGUARDED_AVAILABILITY = YES_AGGRESSIVE;
				CLANG_WARN_UNREACHABLE_CODE = YES;
				CLANG_WARN__DUPLICATE_METHOD_MATCH = YES;
				COPY_PHASE_STRIP = NO;
				DEBUG_INFORMATION_FORMAT = "dwarf-with-dsym";
				ENABLE_NS_ASSERTIONS = NO;
				ENABLE_STRICT_OBJC_MSGSEND = YES;
				GCC_C_LANGUAGE_STANDARD = gnu11;
				GCC_NO_COMMON_BLOCKS = YES;
				GCC_WARN_64_TO_32_BIT_CONVERSION = YES;
				GCC_WARN_ABOUT_RETURN_TYPE = YES_ERROR;
				GCC_WARN_UNDECLARED_SELECTOR = YES;
				GCC_WARN_UNINITIALIZED_AUTOS = YES_AGGRESSIVE;
				GCC_WARN_UNUSED_FUNCTION = YES;
				GCC_WARN_UNUSED_VARIABLE = YES;
				IPHONEOS_DEPLOYMENT_TARGET = 14.3;
				MTL_ENABLE_DEBUG_INFO = NO;
				MTL_FAST_MATH = YES;
				SDKROOT = iphoneos;
				SWIFT_COMPILATION_MODE = wholemodule;
				SWIFT_OPTIMIZATION_LEVEL = "-O";
				VALIDATE_PRODUCT = YES;
			};
			name = Release;
		};
		2103DE9925DF4E8300DC6E17 /* Debug */ = {
			isa = XCBuildConfiguration;
			buildSettings = {
				ASSETCATALOG_COMPILER_APPICON_NAME = AppIcon;
				ASSETCATALOG_COMPILER_GLOBAL_ACCENT_COLOR_NAME = AccentColor;
				CODE_SIGN_STYLE = Automatic;
				DEVELOPMENT_TEAM = KLWE7678P9;
				INFOPLIST_FILE = Appdojo_Part07/Info.plist;
				LD_RUNPATH_SEARCH_PATHS = (
					"$(inherited)",
					"@executable_path/Frameworks",
				);
				PRODUCT_BUNDLE_IDENTIFIER = "com.kosukengo.Appdojo-Part07";
				PRODUCT_NAME = "$(TARGET_NAME)";
				SWIFT_VERSION = 5.0;
				TARGETED_DEVICE_FAMILY = "1,2";
			};
			name = Debug;
		};
		2103DE9A25DF4E8300DC6E17 /* Release */ = {
			isa = XCBuildConfiguration;
			buildSettings = {
				ASSETCATALOG_COMPILER_APPICON_NAME = AppIcon;
				ASSETCATALOG_COMPILER_GLOBAL_ACCENT_COLOR_NAME = AccentColor;
				CODE_SIGN_STYLE = Automatic;
				DEVELOPMENT_TEAM = KLWE7678P9;
				INFOPLIST_FILE = Appdojo_Part07/Info.plist;
				LD_RUNPATH_SEARCH_PATHS = (
					"$(inherited)",
					"@executable_path/Frameworks",
				);
				PRODUCT_BUNDLE_IDENTIFIER = "com.kosukengo.Appdojo-Part07";
				PRODUCT_NAME = "$(TARGET_NAME)";
				SWIFT_VERSION = 5.0;
				TARGETED_DEVICE_FAMILY = "1,2";
			};
			name = Release;
		};
/* End XCBuildConfiguration section */

/* Begin XCConfigurationList section */
		2103DE7F25DF4E8100DC6E17 /* Build configuration list for PBXProject "Appdojo_Part07" */ = {
			isa = XCConfigurationList;
			buildConfigurations = (
				2103DE9625DF4E8300DC6E17 /* Debug */,
				2103DE9725DF4E8300DC6E17 /* Release */,
			);
			defaultConfigurationIsVisible = 0;
			defaultConfigurationName = Release;
		};
		2103DE9825DF4E8300DC6E17 /* Build configuration list for PBXNativeTarget "Appdojo_Part07" */ = {
			isa = XCConfigurationList;
			buildConfigurations = (
				2103DE9925DF4E8300DC6E17 /* Debug */,
				2103DE9A25DF4E8300DC6E17 /* Release */,
			);
			defaultConfigurationIsVisible = 0;
			defaultConfigurationName = Release;
		};
/* End XCConfigurationList section */
	};
	rootObject = 2103DE7C25DF4E8100DC6E17 /* Project object */;
}
